
Microsoft Visual Studio Solution File, Format Version 12.00
# Visual Studio Version 16
VisualStudioVersion = 16.0.29418.71
MinimumVisualStudioVersion = 10.0.40219.1
Project("{FAE04EC0-301F-11D3-BF4B-00C04F79EFBC}") = "ReadAndQuery", "ReadAndQuery\ReadAndQuery.csproj", "{993448AE-9074-4F6B-ADCE-8307B9D153AA}"
EndProject
Project("{FAE04EC0-301F-11D3-BF4B-00C04F79EFBC}") = "MyMath", "MyMath\MyMath.csproj", "{DE40C653-E9B0-487B-B7BE-C629D9483F53}"
EndProject
Project("{FAE04EC0-301F-11D3-BF4B-00C04F79EFBC}") = "MyMath1.UnitTests", "MyMath1.UnitTests\MyMath1.UnitTests.csproj", "{FE3BA526-DF78-40C0-AA5D-D40AAF5C8FC8}"
EndProject
Global
	GlobalSection(SolutionConfigurationPlatforms) = preSolution
		Debug|Any CPU = Debug|Any CPU
		Release|Any CPU = Release|Any CPU
	EndGlobalSection
	GlobalSection(ProjectConfigurationPlatforms) = postSolution
		{993448AE-9074-4F6B-ADCE-8307B9D153AA}.Debug|Any CPU.ActiveCfg = Debug|Any CPU
		{993448AE-9074-4F6B-ADCE-8307B9D153AA}.Debug|Any CPU.Build.0 = Debug|Any CPU
		{993448AE-9074-4F6B-ADCE-8307B9D153AA}.Release|Any CPU.ActiveCfg = Release|Any CPU
		{993448AE-9074-4F6B-ADCE-8307B9D153AA}.Release|Any CPU.Build.0 = Release|Any CPU
		{DE40C653-E9B0-487B-B7BE-C629D9483F53}.Debug|Any CPU.ActiveCfg = Debug|Any CPU
		{DE40C653-E9B0-487B-B7BE-C629D9483F53}.Debug|Any CPU.Build.0 = Debug|Any CPU
		{DE40C653-E9B0-487B-B7BE-C629D9483F53}.Release|Any CPU.ActiveCfg = Release|Any CPU
		{DE40C653-E9B0-487B-B7BE-C629D9483F53}.Release|Any CPU.Build.0 = Release|Any CPU
		{FE3BA526-DF78-40C0-AA5D-D40AAF5C8FC8}.Debug|Any CPU.ActiveCfg = Debug|Any CPU
		{FE3BA526-DF78-40C0-AA5D-D40AAF5C8FC8}.Debug|Any CPU.Build.0 = Debug|Any CPU
		{FE3BA526-DF78-40C0-AA5D-D40AAF5C8FC8}.Release|Any CPU.ActiveCfg = Release|Any CPU
		{FE3BA526-DF78-40C0-AA5D-D40AAF5C8FC8}.Release|Any CPU.Build.0 = Release|Any CPU
	EndGlobalSection
	GlobalSection(SolutionProperties) = preSolution
		HideSolutionNode = FALSE
	EndGlobalSection
	GlobalSection(ExtensibilityGlobals) = postSolution
		SolutionGuid = {6CFCD18E-6BDB-4269-BE32-F192CAEEA881}
	EndGlobalSection
EndGlobal
